
Microsoft Visual Studio Solution File, Format Version 12.00
# Visual Studio 15
VisualStudioVersion = 15.0.27004.2010
MinimumVisualStudioVersion = 10.0.40219.1
Project("{9A19103F-16F7-4668-BE54-9A1E7A4F7556}") = "Apache.Ignite.Examples", "Apache.Ignite.Examples.csproj", "{104BE694-ADC0-4180-99D5-FC5F66890847}"
EndProject
Global
	GlobalSection(SolutionConfigurationPlatforms) = preSolution
		Debug|Any CPU = Debug|Any CPU
		Release|Any CPU = Release|Any CPU
	EndGlobalSection
	GlobalSection(ProjectConfigurationPlatforms) = postSolution
		{104BE694-ADC0-4180-99D5-FC5F66890847}.Debug|Any CPU.ActiveCfg = Debug|Any CPU
		{104BE694-ADC0-4180-99D5-FC5F66890847}.Debug|Any CPU.Build.0 = Debug|Any CPU
		{104BE694-ADC0-4180-99D5-FC5F66890847}.Release|Any CPU.ActiveCfg = Release|Any CPU
		{104BE694-ADC0-4180-99D5-FC5F66890847}.Release|Any CPU.Build.0 = Release|Any CPU
	EndGlobalSection
	GlobalSection(SolutionProperties) = preSolution
		HideSolutionNode = FALSE
	EndGlobalSection
	GlobalSection(ExtensibilityGlobals) = postSolution
		SolutionGuid = {CDA388E7-441F-444C-91F4-531AD72FB85A}
	EndGlobalSection
EndGlobal
